<?xml version="1.0" encoding="utf-8"?>
<Project ToolsVersion="4.0" xmlns="http://schemas.microsoft.com/developer/msbuild/2003">
  <ItemGroup>
    <Filter Include="Quelldateien">
      <UniqueIdentifier>{4FC737F1-C7A5-4376-A066-2A32D752A2FF}</UniqueIdentifier>
      <Extensions>cpp;c;cc;cxx;def;odl;idl;hpj;bat;asm;asmx</Extensions>
    </Filter>
    <Filter Include="Headerdateien">
      <UniqueIdentifier>{93995380-89BD-4b04-88EB-625FBE52EBFB}</UniqueIdentifier>
      <Extensions>h;hh;hpp;hxx;hm;inl;inc;xsd</Extensions>
    </Filter>
    <Filter Include="Ressourcendateien">
      <UniqueIdentifier>{67DA6AB6-F800-4c08-8B7A-83BB121AAD01}</UniqueIdentifier>
      <Extensions>rc;ico;cur;bmp;dlg;rc2;rct;bin;rgs;gif;jpg;jpeg;jpe;resx;tiff;tif;png;wav;mfcribbon-ms</Extensions>
    </Filter>
    <Filter Include="Headerdateien\helper">
      <UniqueIdentifier>{bbb61d48-c221-4afa-b3de-818eca12e842}</UniqueIdentifier>
    </Filter>
    <Filter Include="Quelldateien\helper">
      <UniqueIdentifier>{9a1d7601-f068-4cbb-9701-33db27c8a260}</UniqueIdentifier>
    </Filter>
    <Filter Include="Headerdateien\jobSlice">
      <UniqueIdentifier>{2151c8f7-faa9-4ada-a150-f315dec4d0b7}</UniqueIdentifier>
    </Filter>
    <Filter Include="Quelldateien\jobSlice">
      <UniqueIdentifier>{e66bbf32-92d9-4b54-a84b-f22c110826ce}</UniqueIdentifier>
    </Filter>
    <Filter Include="Headerdateien\sliSlice">
      <UniqueIdentifier>{8915c864-49ae-4c24-af2b-252a75a9f48d}</UniqueIdentifier>
    </Filter>
    <Filter Include="Quelldateien\sliSlice">
      <UniqueIdentifier>{b46c9838-2c29-4ac5-8e16-34467c9e75a5}</UniqueIdentifier>
    </Filter>
  </ItemGroup>
  <ItemGroup>
    <Text Include="ReadMe.txt" />
  </ItemGroup>
  <ItemGroup>
    <ClCompile Include="source\export_lib_job.cpp">
      <Filter>Quelldateien</Filter>
    </ClCompile>
    <ClCompile Include="source\export_lib_sli.cpp">
      <Filter>Quelldateien</Filter>
    </ClCompile>
    <ClCompile Include="source\main.cpp">
      <Filter>Quelldateien</Filter>
    </ClCompile>
    <ClCompile Include="source\clError.cpp">
      <Filter>Quelldateien\helper</Filter>
    </ClCompile>
    <ClCompile Include="source\clFile.cpp">
      <Filter>Quelldateien\helper</Filter>
    </ClCompile>
    <ClCompile Include="source\clJobFile.cpp">
      <Filter>Quelldateien\jobSlice</Filter>
    </ClCompile>
    <ClCompile Include="source\clSliFile.cpp">
      <Filter>Quelldateien\sliSlice</Filter>
    </ClCompile>
    <ClCompile Include="source\clSliceData.cpp">
      <Filter>Quelldateien\sliSlice</Filter>
    </ClCompile>
    <ClCompile Include="source\clJobSliceFile.cpp">
      <Filter>Quelldateien\sliSlice</Filter>
    </ClCompile>
    <ClCompile Include="source\clJobFileInterpreter.cpp">
      <Filter>Quelldateien\jobSlice</Filter>
    </ClCompile>
  </ItemGroup>
  <ItemGroup>
    <ClInclude Include="source\export_lib_job.h">
      <Filter>Headerdateien</Filter>
    </ClInclude>
    <ClInclude Include="source\export_lib_sli.h">
      <Filter>Headerdateien</Filter>
    </ClInclude>
    <ClInclude Include="source\main.h">
      <Filter>Headerdateien</Filter>
    </ClInclude>
    <ClInclude Include="source\clError.h">
      <Filter>Headerdateien\helper</Filter>
    </ClInclude>
    <ClInclude Include="source\clFile.h">
      <Filter>Headerdateien\helper</Filter>
    </ClInclude>
    <ClInclude Include="source\clJobFileInterpreter.h">
      <Filter>Headerdateien\jobSlice</Filter>
    </ClInclude>
    <ClInclude Include="source\clJobFile.h">
      <Filter>Headerdateien\jobSlice</Filter>
    </ClInclude>
    <ClInclude Include="source\abstractSliceFile.h">
      <Filter>Headerdateien\sliSlice</Filter>
    </ClInclude>
    <ClInclude Include="source\clJobSliceFile.h">
      <Filter>Headerdateien\sliSlice</Filter>
    </ClInclude>
    <ClInclude Include="source\clSliceData.h">
      <Filter>Headerdateien\sliSlice</Filter>
    </ClInclude>
    <ClInclude Include="source\clSliFile.h">
      <Filter>Headerdateien\sliSlice</Filter>
    </ClInclude>
  </ItemGroup>
</Project>